{
  "name": "password_manager",
  "lockfileVersion": 2,
  "requires": true,
  "packages": {
    "": {
      "name": "password_manager",
      "dependencies": {
        "bun": "^1.1.8"
      },
      "devDependencies": {
        "@types/bun": "latest"
      },
      "peerDependencies": {
        "typescript": "^5.0.0"
      }
    },
    "node_modules/@oven/bun-darwin-aarch64": {
      "version": "1.1.8",
      "resolved": "https://registry.npmjs.org/@oven/bun-darwin-aarch64/-/bun-darwin-aarch64-1.1.8.tgz",
      "integrity": "sha512-M9qPzCYbSsQOsPNhyr8h8hIyZ1T7fgeg8QJPIIXppWHzL6nqqOn+12ombFuDy0EdetVjrUSDmSPO8cR8j3Kv0Q==",
      "cpu": [
        "arm64"
      ],
      "optional": true,
      "os": [
        "darwin"
      ]
    },
    "node_modules/@oven/bun-darwin-x64": {
      "version": "1.1.8",
      "resolved": "https://registry.npmjs.org/@oven/bun-darwin-x64/-/bun-darwin-x64-1.1.8.tgz",
      "integrity": "sha512-al0V8PlWWFRprptwAQTdhMYacc0K1RyaoW+FvLtwZis1Lzl8o+NDHnxOhRzfzafttYIjssPOEz9zGTYuACBn8w==",
      "cpu": [
        "x64"
      ],
      "optional": true,
      "os": [
        "darwin"
      ]
    },
    "node_modules/@oven/bun-darwin-x64-baseline": {
      "version": "1.1.8",
      "resolved": "https://registry.npmjs.org/@oven/bun-darwin-x64-baseline/-/bun-darwin-x64-baseline-1.1.8.tgz",
      "integrity": "sha512-YV7pETCt3k5Xc4soR3kFx3AxbPco3w/17JhDHTDajkw033aSqCMWLvd2fHLUA0xPn46ktOMhe/aESULymvvo5w==",
      "cpu": [
        "x64"
      ],
      "optional": true,
      "os": [
        "darwin"
      ]
    },
    "node_modules/@oven/bun-linux-aarch64": {
      "version": "1.1.8",
      "resolved": "https://registry.npmjs.org/@oven/bun-linux-aarch64/-/bun-linux-aarch64-1.1.8.tgz",
      "integrity": "sha512-C/QL5vgmBXWm0JsHWEKXlwG/gSB+MiOdvgfbnADRDaGPgZMGRK7uXFj/TLtw9CBRXugfty/lLkzY+18fQ8LVfw==",
      "cpu": [
        "arm64"
      ],
      "optional": true,
      "os": [
        "linux"
      ]
    },
    "node_modules/@oven/bun-linux-x64": {
      "version": "1.1.8",
      "resolved": "https://registry.npmjs.org/@oven/bun-linux-x64/-/bun-linux-x64-1.1.8.tgz",
      "integrity": "sha512-Z6Lyd8oH8EjER4rpC3L+B7G4ub7DW6IjPqmaov445jByOK/KZktzlNEJgdrcrPVocAA/xZ+eYtzeyQ/z4ITdhg==",
      "cpu": [
        "x64"
      ],
      "optional": true,
      "os": [
        "linux"
      ]
    },
    "node_modules/@oven/bun-linux-x64-baseline": {
      "version": "1.1.8",
      "resolved": "https://registry.npmjs.org/@oven/bun-linux-x64-baseline/-/bun-linux-x64-baseline-1.1.8.tgz",
      "integrity": "sha512-RlWLFVvSbHkpNyorzeapfYUKuZYfhBgQV5N7EwiG8Kul8BPiRKAW+uOK6BuwJyA0vduF7Z4/cBeIO4XygXb5QQ==",
      "cpu": [
        "x64"
      ],
      "optional": true,
      "os": [
        "linux"
      ]
    },
    "node_modules/@oven/bun-windows-x64": {
      "version": "1.1.8",
      "resolved": "https://registry.npmjs.org/@oven/bun-windows-x64/-/bun-windows-x64-1.1.8.tgz",
      "integrity": "sha512-svZHc2sGLqJrzXiD/6XaJNvJ0PE+WpdZv/pRkn9tXgA2j0gOawN3oAiHXUOWoYS5kQQ7GiksEJlYVPA4JyJY0A==",
      "cpu": [
        "x64"
      ],
      "optional": true,
      "os": [
        "win32"
      ]
    },
    "node_modules/@oven/bun-windows-x64-baseline": {
      "version": "1.1.8",
      "resolved": "https://registry.npmjs.org/@oven/bun-windows-x64-baseline/-/bun-windows-x64-baseline-1.1.8.tgz",
      "integrity": "sha512-RXoCcY5DnVaF5HAGZ8Hms8Izo6yTHgTZsy/rqmaZLjfntOf4Gn8vw3YVE4Pa0AqW6oQYTSmSlgxM47kVWOv3+w==",
      "cpu": [
        "x64"
      ],
      "optional": true,
      "os": [
        "win32"
      ]
    },
    "node_modules/@types/bun": {
      "version": "1.1.2",
      "resolved": "https://registry.npmjs.org/@types/bun/-/bun-1.1.2.tgz",
      "integrity": "sha512-pRBDD3EDqPf83qe95i3EpYu5G2J8bbb78a3736vnCm2K8YWtEE5cvJUq2jkKvJhW07YTfQtbImywIwRhWL8z3Q==",
      "dev": true,
      "dependencies": {
        "bun-types": "1.1.8"
      }
    },
    "node_modules/@types/node": {
      "version": "20.12.12",
      "dev": true,
      "license": "MIT",
      "dependencies": {
        "undici-types": "~5.26.4"
      }
    },
    "node_modules/@types/ws": {
      "version": "8.5.10",
      "dev": true,
      "license": "MIT",
      "dependencies": {
        "@types/node": "*"
      }
    },
    "node_modules/bun": {
      "version": "1.1.8",
      "resolved": "https://registry.npmjs.org/bun/-/bun-1.1.8.tgz",
      "integrity": "sha512-TSL3POeJspEvIsfVqQZ/Sbl81kkzuUYCdE5fPdaDw0V6uU1j9d6JzfjYwNyDRnaacAAPnz3ZJukwGz3d6qJNzw==",
      "cpu": [
        "arm64",
        "x64"
      ],
      "hasInstallScript": true,
      "os": [
        "darwin",
        "linux",
        "win32"
      ],
      "bin": {
        "bun": "bin/bun.exe",
        "bunx": "bin/bun.exe"
      },
      "optionalDependencies": {
        "@oven/bun-darwin-aarch64": "1.1.8",
        "@oven/bun-darwin-x64": "1.1.8",
        "@oven/bun-darwin-x64-baseline": "1.1.8",
        "@oven/bun-linux-aarch64": "1.1.8",
        "@oven/bun-linux-x64": "1.1.8",
        "@oven/bun-linux-x64-baseline": "1.1.8",
        "@oven/bun-windows-x64": "1.1.8",
        "@oven/bun-windows-x64-baseline": "1.1.8"
      }
    },
    "node_modules/bun-types": {
      "version": "1.1.8",
      "dev": true,
      "license": "MIT",
      "dependencies": {
        "@types/node": "~20.12.8",
        "@types/ws": "~8.5.10"
      }
    },
    "node_modules/typescript": {
      "version": "5.4.5",
      "license": "Apache-2.0",
      "peer": true,
      "bin": {
        "tsc": "bin/tsc",
        "tsserver": "bin/tsserver"
      },
      "engines": {
        "node": ">=14.17"
      }
    },
    "node_modules/undici-types": {
      "version": "5.26.5",
      "dev": true,
      "license": "MIT"
    }
  },
  "dependencies": {
    "@oven/bun-darwin-aarch64": {
      "version": "1.1.8",
      "resolved": "https://registry.npmjs.org/@oven/bun-darwin-aarch64/-/bun-darwin-aarch64-1.1.8.tgz",
      "integrity": "sha512-M9qPzCYbSsQOsPNhyr8h8hIyZ1T7fgeg8QJPIIXppWHzL6nqqOn+12ombFuDy0EdetVjrUSDmSPO8cR8j3Kv0Q==",
      "optional": true
    },
    "@oven/bun-darwin-x64": {
      "version": "1.1.8",
      "resolved": "https://registry.npmjs.org/@oven/bun-darwin-x64/-/bun-darwin-x64-1.1.8.tgz",
      "integrity": "sha512-al0V8PlWWFRprptwAQTdhMYacc0K1RyaoW+FvLtwZis1Lzl8o+NDHnxOhRzfzafttYIjssPOEz9zGTYuACBn8w==",
      "optional": true
    },
    "@oven/bun-darwin-x64-baseline": {
      "version": "1.1.8",
      "resolved": "https://registry.npmjs.org/@oven/bun-darwin-x64-baseline/-/bun-darwin-x64-baseline-1.1.8.tgz",
      "integrity": "sha512-YV7pETCt3k5Xc4soR3kFx3AxbPco3w/17JhDHTDajkw033aSqCMWLvd2fHLUA0xPn46ktOMhe/aESULymvvo5w==",
      "optional": true
    },
    "@oven/bun-linux-aarch64": {
      "version": "1.1.8",
      "resolved": "https://registry.npmjs.org/@oven/bun-linux-aarch64/-/bun-linux-aarch64-1.1.8.tgz",
      "integrity": "sha512-C/QL5vgmBXWm0JsHWEKXlwG/gSB+MiOdvgfbnADRDaGPgZMGRK7uXFj/TLtw9CBRXugfty/lLkzY+18fQ8LVfw==",
      "optional": true
    },
    "@oven/bun-linux-x64": {
      "version": "1.1.8",
      "resolved": "https://registry.npmjs.org/@oven/bun-linux-x64/-/bun-linux-x64-1.1.8.tgz",
      "integrity": "sha512-Z6Lyd8oH8EjER4rpC3L+B7G4ub7DW6IjPqmaov445jByOK/KZktzlNEJgdrcrPVocAA/xZ+eYtzeyQ/z4ITdhg==",
      "optional": true
    },
    "@oven/bun-linux-x64-baseline": {
      "version": "1.1.8",
      "resolved": "https://registry.npmjs.org/@oven/bun-linux-x64-baseline/-/bun-linux-x64-baseline-1.1.8.tgz",
      "integrity": "sha512-RlWLFVvSbHkpNyorzeapfYUKuZYfhBgQV5N7EwiG8Kul8BPiRKAW+uOK6BuwJyA0vduF7Z4/cBeIO4XygXb5QQ==",
      "optional": true
    },
    "@oven/bun-windows-x64": {
      "version": "1.1.8",
      "resolved": "https://registry.npmjs.org/@oven/bun-windows-x64/-/bun-windows-x64-1.1.8.tgz",
      "integrity": "sha512-svZHc2sGLqJrzXiD/6XaJNvJ0PE+WpdZv/pRkn9tXgA2j0gOawN3oAiHXUOWoYS5kQQ7GiksEJlYVPA4JyJY0A==",
      "optional": true
    },
    "@oven/bun-windows-x64-baseline": {
      "version": "1.1.8",
      "resolved": "https://registry.npmjs.org/@oven/bun-windows-x64-baseline/-/bun-windows-x64-baseline-1.1.8.tgz",
      "integrity": "sha512-RXoCcY5DnVaF5HAGZ8Hms8Izo6yTHgTZsy/rqmaZLjfntOf4Gn8vw3YVE4Pa0AqW6oQYTSmSlgxM47kVWOv3+w==",
      "optional": true
    },
    "@types/bun": {
      "version": "1.1.2",
      "resolved": "https://registry.npmjs.org/@types/bun/-/bun-1.1.2.tgz",
      "integrity": "sha512-pRBDD3EDqPf83qe95i3EpYu5G2J8bbb78a3736vnCm2K8YWtEE5cvJUq2jkKvJhW07YTfQtbImywIwRhWL8z3Q==",
      "dev": true,
      "requires": {
        "bun-types": "1.1.8"
      }
    },
    "@types/node": {
      "version": "20.12.12",
      "dev": true,
      "requires": {
        "undici-types": "~5.26.4"
      }
    },
    "@types/ws": {
      "version": "8.5.10",
      "dev": true,
      "requires": {
        "@types/node": "*"
      }
    },
    "bun": {
      "version": "1.1.8",
      "resolved": "https://registry.npmjs.org/bun/-/bun-1.1.8.tgz",
      "integrity": "sha512-TSL3POeJspEvIsfVqQZ/Sbl81kkzuUYCdE5fPdaDw0V6uU1j9d6JzfjYwNyDRnaacAAPnz3ZJukwGz3d6qJNzw==",
      "requires": {
        "@oven/bun-darwin-aarch64": "1.1.8",
        "@oven/bun-darwin-x64": "1.1.8",
        "@oven/bun-darwin-x64-baseline": "1.1.8",
        "@oven/bun-linux-aarch64": "1.1.8",
        "@oven/bun-linux-x64": "1.1.8",
        "@oven/bun-linux-x64-baseline": "1.1.8",
        "@oven/bun-windows-x64": "1.1.8",
        "@oven/bun-windows-x64-baseline": "1.1.8"
      }
    },
    "bun-types": {
      "version": "1.1.8",
      "dev": true,
      "requires": {
        "@types/node": "~20.12.8",
        "@types/ws": "~8.5.10"
      }
    },
    "typescript": {
      "version": "5.4.5",
      "peer": true
    },
    "undici-types": {
      "version": "5.26.5",
      "dev": true
    }
  }
}
